{
    "_readme": [
        "This file locks the dependencies of your project to a known state",
        "Read more about it at https://getcomposer.org/doc/01-basic-usage.md#installing-dependencies",
        "This file is @generated automatically"
    ],
    "content-hash": "5db992d4264cc17596981c1e39be05a2",
    "packages": [
        {
            "name": "nicmart/string-template",
            "version": "v0.1.2",
            "source": {
                "type": "git",
                "url": "https://github.com/nicmart/StringTemplate.git",
                "reference": "d22315ff2c3969148f2a197d1ada429899f20f79"
            },
            "dist": {
                "type": "zip",
                "url": "https://api.github.com/repos/nicmart/StringTemplate/zipball/d22315ff2c3969148f2a197d1ada429899f20f79",
                "reference": "d22315ff2c3969148f2a197d1ada429899f20f79",
                "shasum": ""
            },
            "require": {
                "php": ">=7.2"
            },
            "require-dev": {
                "php-coveralls/php-coveralls": "^2",
                "phpunit/phpunit": "^8 || ^9"
            },
            "type": "library",
            "autoload": {
                "psr-4": {
                    "StringTemplate\\": "src/StringTemplate/"
                }
            },
            "notification-url": "https://packagist.org/downloads/",
            "license": [
                "MIT"
            ],
            "authors": [
                {
                    "name": "Nicolò Martini",
                    "email": "nicmartnic@gmail.com"
                }
            ],
            "description": "StringTemplate is a very simple string template engine for php. I've written it to have a thing like sprintf, but with named and nested substutions.",
            "support": {
                "issues": "https://github.com/nicmart/StringTemplate/issues",
                "source": "https://github.com/nicmart/StringTemplate/tree/v0.1.2"
            },
            "time": "2021-04-22T18:14:44+00:00"
        },
        {
            "name": "psr/log",
            "version": "1.1.4",
            "source": {
                "type": "git",
                "url": "https://github.com/php-fig/log.git",
                "reference": "d49695b909c3b7628b6289db5479a1c204601f11"
            },
            "dist": {
                "type": "zip",
                "url": "https://api.github.com/repos/php-fig/log/zipball/d49695b909c3b7628b6289db5479a1c204601f11",
                "reference": "d49695b909c3b7628b6289db5479a1c204601f11",
                "shasum": ""
            },
            "require": {
                "php": ">=5.3.0"
            },
            "type": "library",
            "extra": {
                "branch-alias": {
                    "dev-master": "1.1.x-dev"
                }
            },
            "autoload": {
                "psr-4": {
                    "Psr\\Log\\": "Psr/Log/"
                }
            },
            "notification-url": "https://packagist.org/downloads/",
            "license": [
                "MIT"
            ],
            "authors": [
                {
                    "name": "PHP-FIG",
                    "homepage": "https://www.php-fig.org/"
                }
            ],
            "description": "Common interface for logging libraries",
            "homepage": "https://github.com/php-fig/log",
            "keywords": [
                "log",
                "psr",
                "psr-3"
            ],
            "support": {
                "source": "https://github.com/php-fig/log/tree/1.1.4"
            },
            "time": "2021-05-03T11:20:27+00:00"
        },
        {
            "name": "tflori/hugga",
            "version": "v1.1.0",
            "source": {
                "type": "git",
                "url": "https://github.com/tflori/hugga.git",
                "reference": "204f03ccf04a5381a117dc6025364f74a70923d9"
            },
            "dist": {
                "type": "zip",
                "url": "https://api.github.com/repos/tflori/hugga/zipball/204f03ccf04a5381a117dc6025364f74a70923d9",
                "reference": "204f03ccf04a5381a117dc6025364f74a70923d9",
                "shasum": ""
            },
            "require": {
                "ext-mbstring": "*",
                "ext-readline": "*",
                "nicmart/string-template": "^0.1.1",
                "php": "^7.1 || ^8.0",
                "psr/log": "^1.0"
            },
            "require-dev": {
                "mockery/mockery": "^1.1",
                "phpunit/phpunit": "*",
                "squizlabs/php_codesniffer": "^3.3",
                "tflori/phpunit-printer": "*"
            },
            "suggest": {
                "ext-posix": "*"
            },
            "type": "library",
            "autoload": {
                "psr-4": {
                    "Hugga\\": "src"
                }
            },
            "notification-url": "https://packagist.org/downloads/",
            "license": [
                "MIT"
            ],
            "description": "library for console applications with input and output handling",
            "support": {
                "issues": "https://github.com/tflori/hugga/issues",
                "source": "https://github.com/tflori/hugga/tree/v1.1.0"
            },
            "time": "2022-03-18T16:46:56+00:00"
        },
        {
            "name": "ulrichsg/getopt-php",
            "version": "v4.0.2",
            "source": {
                "type": "git",
                "url": "https://github.com/getopt-php/getopt-php.git",
                "reference": "821d6118c3701a8ec83110e3c0726c92120959f8"
            },
            "dist": {
                "type": "zip",
                "url": "https://api.github.com/repos/getopt-php/getopt-php/zipball/821d6118c3701a8ec83110e3c0726c92120959f8",
                "reference": "821d6118c3701a8ec83110e3c0726c92120959f8",
                "shasum": ""
            },
            "require": {
                "ext-mbstring": "*",
                "php": ">=7.1 || ^8.0"
            },
            "require-dev": {
                "limedeck/phpunit-detailed-printer": "*",
                "phpunit/phpunit": "*",
                "squizlabs/php_codesniffer": "^3.5.8"
            },
            "type": "library",
            "autoload": {
                "psr-4": {
                    "GetOpt\\": "src"
                }
            },
            "notification-url": "https://packagist.org/downloads/",
            "license": [
                "MIT"
            ],
            "authors": [
                {
                    "name": "Ulrich Schmidt-Goertz",
                    "email": "ulrich@schmidt-goertz.de"
                },
                {
                    "name": "Thomas Flori",
                    "email": "thflori@gmail.com"
                }
            ],
            "description": "Command line arguments parser for PHP 7.1 and above",
            "homepage": "http://getopt-php.github.io/getopt-php",
            "support": {
                "issues": "https://github.com/getopt-php/getopt-php/issues",
                "source": "https://github.com/getopt-php/getopt-php/tree/v4.0.2"
            },
            "time": "2022-03-11T17:04:44+00:00"
        }
    ],
    "packages-dev": [],
    "aliases": [],
    "minimum-stability": "stable",
    "stability-flags": [],
    "prefer-stable": false,
    "prefer-lowest": false,
    "platform": [],
    "platform-dev": [],
    "plugin-api-version": "2.3.0"
}
